
Microsoft Visual Studio Solution File, Format Version 12.00
# Visual Studio 15
VisualStudioVersion = 15.0.28307.421
MinimumVisualStudioVersion = 10.0.40219.1
Project("{FAE04EC0-301F-11D3-BF4B-00C04F79EFBC}") = "IEvangelist.Slack.SlashCommands", "IEvangelist.Slack.SlashCommands\IEvangelist.Slack.SlashCommands.csproj", "{F76EB017-9F7A-4D21-84D0-7D7C03AFFADC}"
EndProject
Global
	GlobalSection(SolutionConfigurationPlatforms) = preSolution
		Debug|Any CPU = Debug|Any CPU
		Release|Any CPU = Release|Any CPU
	EndGlobalSection
	GlobalSection(ProjectConfigurationPlatforms) = postSolution
		{F76EB017-9F7A-4D21-84D0-7D7C03AFFADC}.Debug|Any CPU.ActiveCfg = Debug|Any CPU
		{F76EB017-9F7A-4D21-84D0-7D7C03AFFADC}.Debug|Any CPU.Build.0 = Debug|Any CPU
		{F76EB017-9F7A-4D21-84D0-7D7C03AFFADC}.Release|Any CPU.ActiveCfg = Release|Any CPU
		{F76EB017-9F7A-4D21-84D0-7D7C03AFFADC}.Release|Any CPU.Build.0 = Release|Any CPU
	EndGlobalSection
	GlobalSection(SolutionProperties) = preSolution
		HideSolutionNode = FALSE
	EndGlobalSection
	GlobalSection(ExtensibilityGlobals) = postSolution
		SolutionGuid = {50A831DD-65AD-45A6-9BF5-1E20FD860205}
	EndGlobalSection
EndGlobal
